
Microsoft Visual Studio Solution File, Format Version 12.00
# Visual Studio Version 17
VisualStudioVersion = 17.1.32328.378
MinimumVisualStudioVersion = 10.0.40219.1
Project("{FAE04EC0-301F-11D3-BF4B-00C04F79EFBC}") = "PDcase test1", "PDcase test1\PDcase test1.csproj", "{7D85D471-3F90-43CA-A677-5DD97A268C55}"
EndProject
Global
	GlobalSection(SolutionConfigurationPlatforms) = preSolution
		Debug|Any CPU = Debug|Any CPU
		Release|Any CPU = Release|Any CPU
	EndGlobalSection
	GlobalSection(ProjectConfigurationPlatforms) = postSolution
		{7D85D471-3F90-43CA-A677-5DD97A268C55}.Debug|Any CPU.ActiveCfg = Debug|Any CPU
		{7D85D471-3F90-43CA-A677-5DD97A268C55}.Debug|Any CPU.Build.0 = Debug|Any CPU
		{7D85D471-3F90-43CA-A677-5DD97A268C55}.Release|Any CPU.ActiveCfg = Release|Any CPU
		{7D85D471-3F90-43CA-A677-5DD97A268C55}.Release|Any CPU.Build.0 = Release|Any CPU
	EndGlobalSection
	GlobalSection(SolutionProperties) = preSolution
		HideSolutionNode = FALSE
	EndGlobalSection
	GlobalSection(ExtensibilityGlobals) = postSolution
		SolutionGuid = {FCAEAE66-AE0E-4065-94C6-97E69963FD49}
	EndGlobalSection
EndGlobal
